
Microsoft Visual Studio Solution File, Format Version 12.00
# Visual Studio Version 17
VisualStudioVersion = 17.3.32929.385
MinimumVisualStudioVersion = 10.0.40219.1
Project("{FAE04EC0-301F-11D3-BF4B-00C04F79EFBC}") = "MyMovieAPI", "MyMovieAPI\MyMovieAPI.csproj", "{05A0EA20-3F98-483E-866B-ABEB6A8DB81D}"
	ProjectSection(ProjectDependencies) = postProject
		{5C85CCB6-31B1-4F82-AC8A-001B79C8EF72} = {5C85CCB6-31B1-4F82-AC8A-001B79C8EF72}
		{F997E55E-186B-4B6E-B9F3-2F2871AAF93D} = {F997E55E-186B-4B6E-B9F3-2F2871AAF93D}
	EndProjectSection
EndProject
Project("{FAE04EC0-301F-11D3-BF4B-00C04F79EFBC}") = "API_xUnit", "API_xUnit\API_xUnit.csproj", "{CD3865C1-FBC1-43F7-B785-6C0F1A1B6FF7}"
	ProjectSection(ProjectDependencies) = postProject
		{05A0EA20-3F98-483E-866B-ABEB6A8DB81D} = {05A0EA20-3F98-483E-866B-ABEB6A8DB81D}
	EndProjectSection
EndProject
Project("{FAE04EC0-301F-11D3-BF4B-00C04F79EFBC}") = "MyMovieSearch", "MyMovieSearch\MyMovieSearch.csproj", "{5C85CCB6-31B1-4F82-AC8A-001B79C8EF72}"
EndProject
Project("{FAE04EC0-301F-11D3-BF4B-00C04F79EFBC}") = "MyMovieUser", "MyMovieUser\MyMovieUser.csproj", "{F997E55E-186B-4B6E-B9F3-2F2871AAF93D}"
EndProject
Project("{FAE04EC0-301F-11D3-BF4B-00C04F79EFBC}") = "Search_xUnit", "Search_xUnit\Search_xUnit.csproj", "{4B80A1BC-EB3A-4080-B947-AFE2355470B6}"
	ProjectSection(ProjectDependencies) = postProject
		{5C85CCB6-31B1-4F82-AC8A-001B79C8EF72} = {5C85CCB6-31B1-4F82-AC8A-001B79C8EF72}
	EndProjectSection
EndProject
Project("{FAE04EC0-301F-11D3-BF4B-00C04F79EFBC}") = "User_xUnit", "User_xUnit\User_xUnit.csproj", "{1148E86B-A643-45D8-91AE-13E6C2742492}"
	ProjectSection(ProjectDependencies) = postProject
		{F997E55E-186B-4B6E-B9F3-2F2871AAF93D} = {F997E55E-186B-4B6E-B9F3-2F2871AAF93D}
	EndProjectSection
EndProject
Global
	GlobalSection(SolutionConfigurationPlatforms) = preSolution
		Debug|Any CPU = Debug|Any CPU
		Release|Any CPU = Release|Any CPU
	EndGlobalSection
	GlobalSection(ProjectConfigurationPlatforms) = postSolution
		{05A0EA20-3F98-483E-866B-ABEB6A8DB81D}.Debug|Any CPU.ActiveCfg = Debug|Any CPU
		{05A0EA20-3F98-483E-866B-ABEB6A8DB81D}.Debug|Any CPU.Build.0 = Debug|Any CPU
		{05A0EA20-3F98-483E-866B-ABEB6A8DB81D}.Release|Any CPU.ActiveCfg = Release|Any CPU
		{05A0EA20-3F98-483E-866B-ABEB6A8DB81D}.Release|Any CPU.Build.0 = Release|Any CPU
		{CD3865C1-FBC1-43F7-B785-6C0F1A1B6FF7}.Debug|Any CPU.ActiveCfg = Debug|Any CPU
		{CD3865C1-FBC1-43F7-B785-6C0F1A1B6FF7}.Debug|Any CPU.Build.0 = Debug|Any CPU
		{CD3865C1-FBC1-43F7-B785-6C0F1A1B6FF7}.Release|Any CPU.ActiveCfg = Release|Any CPU
		{CD3865C1-FBC1-43F7-B785-6C0F1A1B6FF7}.Release|Any CPU.Build.0 = Release|Any CPU
		{5C85CCB6-31B1-4F82-AC8A-001B79C8EF72}.Debug|Any CPU.ActiveCfg = Debug|Any CPU
		{5C85CCB6-31B1-4F82-AC8A-001B79C8EF72}.Debug|Any CPU.Build.0 = Debug|Any CPU
		{5C85CCB6-31B1-4F82-AC8A-001B79C8EF72}.Release|Any CPU.ActiveCfg = Release|Any CPU
		{5C85CCB6-31B1-4F82-AC8A-001B79C8EF72}.Release|Any CPU.Build.0 = Release|Any CPU
		{F997E55E-186B-4B6E-B9F3-2F2871AAF93D}.Debug|Any CPU.ActiveCfg = Debug|Any CPU
		{F997E55E-186B-4B6E-B9F3-2F2871AAF93D}.Debug|Any CPU.Build.0 = Debug|Any CPU
		{F997E55E-186B-4B6E-B9F3-2F2871AAF93D}.Release|Any CPU.ActiveCfg = Release|Any CPU
		{F997E55E-186B-4B6E-B9F3-2F2871AAF93D}.Release|Any CPU.Build.0 = Release|Any CPU
		{4B80A1BC-EB3A-4080-B947-AFE2355470B6}.Debug|Any CPU.ActiveCfg = Debug|Any CPU
		{4B80A1BC-EB3A-4080-B947-AFE2355470B6}.Debug|Any CPU.Build.0 = Debug|Any CPU
		{4B80A1BC-EB3A-4080-B947-AFE2355470B6}.Release|Any CPU.ActiveCfg = Release|Any CPU
		{4B80A1BC-EB3A-4080-B947-AFE2355470B6}.Release|Any CPU.Build.0 = Release|Any CPU
		{1148E86B-A643-45D8-91AE-13E6C2742492}.Debug|Any CPU.ActiveCfg = Debug|Any CPU
		{1148E86B-A643-45D8-91AE-13E6C2742492}.Debug|Any CPU.Build.0 = Debug|Any CPU
		{1148E86B-A643-45D8-91AE-13E6C2742492}.Release|Any CPU.ActiveCfg = Release|Any CPU
		{1148E86B-A643-45D8-91AE-13E6C2742492}.Release|Any CPU.Build.0 = Release|Any CPU
	EndGlobalSection
	GlobalSection(SolutionProperties) = preSolution
		HideSolutionNode = FALSE
	EndGlobalSection
	GlobalSection(ExtensibilityGlobals) = postSolution
		SolutionGuid = {705AEFC5-EBBF-4F3C-B938-518FB1942C1F}
	EndGlobalSection
EndGlobal
